
Microsoft Visual Studio Solution File, Format Version 12.00
# Visual Studio Version 17
VisualStudioVersion = 17.8.34316.72
MinimumVisualStudioVersion = 10.0.40219.1
Project("{FAE04EC0-301F-11D3-BF4B-00C04F79EFBC}") = "RabbitMQConsumer", "RabbitMQConsumer\RabbitMQConsumer.csproj", "{5C1855EE-7F64-483E-94D1-54654A3468A8}"
EndProject
Global
	GlobalSection(SolutionConfigurationPlatforms) = preSolution
		Debug|Any CPU = Debug|Any CPU
		Release|Any CPU = Release|Any CPU
	EndGlobalSection
	GlobalSection(ProjectConfigurationPlatforms) = postSolution
		{5C1855EE-7F64-483E-94D1-54654A3468A8}.Debug|Any CPU.ActiveCfg = Debug|Any CPU
		{5C1855EE-7F64-483E-94D1-54654A3468A8}.Debug|Any CPU.Build.0 = Debug|Any CPU
		{5C1855EE-7F64-483E-94D1-54654A3468A8}.Release|Any CPU.ActiveCfg = Release|Any CPU
		{5C1855EE-7F64-483E-94D1-54654A3468A8}.Release|Any CPU.Build.0 = Release|Any CPU
	EndGlobalSection
	GlobalSection(SolutionProperties) = preSolution
		HideSolutionNode = FALSE
	EndGlobalSection
	GlobalSection(ExtensibilityGlobals) = postSolution
		SolutionGuid = {8490665D-0E6E-40C3-A416-A68A6144142F}
	EndGlobalSection
EndGlobal
